
Microsoft Visual Studio Solution File, Format Version 12.00
# Visual Studio Version 16
VisualStudioVersion = 25.0.1705.0
MinimumVisualStudioVersion = 10.0.40219.1
Project("{FAE04EC0-301F-11D3-BF4B-00C04F79EFBC}") = "LoadMore", "LoadMore.csproj", "{CADB038B-42E4-4791-AEBB-CE13CA1174ED}"
EndProject
Global
	GlobalSection(SolutionConfigurationPlatforms) = preSolution
		Debug|Any CPU = Debug|Any CPU
		Release|Any CPU = Release|Any CPU
	EndGlobalSection
	GlobalSection(ProjectConfigurationPlatforms) = postSolution
		{CADB038B-42E4-4791-AEBB-CE13CA1174ED}.Debug|Any CPU.ActiveCfg = Debug|Any CPU
		{CADB038B-42E4-4791-AEBB-CE13CA1174ED}.Debug|Any CPU.Build.0 = Debug|Any CPU
		{CADB038B-42E4-4791-AEBB-CE13CA1174ED}.Release|Any CPU.ActiveCfg = Release|Any CPU
		{CADB038B-42E4-4791-AEBB-CE13CA1174ED}.Release|Any CPU.Build.0 = Release|Any CPU
	EndGlobalSection
	GlobalSection(SolutionProperties) = preSolution
		HideSolutionNode = FALSE
	EndGlobalSection
	GlobalSection(ExtensibilityGlobals) = postSolution
		SolutionGuid = {6B6D40A1-689B-482B-AC83-8AD22331AE39}
	EndGlobalSection
EndGlobal
