
Microsoft Visual Studio Solution File, Format Version 12.00
# Visual Studio Version 17
VisualStudioVersion = 17.0.31710.8
MinimumVisualStudioVersion = 10.0.40219.1
Project("{FAE04EC0-301F-11D3-BF4B-00C04F79EFBC}") = "DataGridExample", "DataGridExample\DataGridExample.csproj", "{47C222FE-1FD9-4D41-8085-97C5355E3EDF}"
EndProject
Global
	GlobalSection(SolutionConfigurationPlatforms) = preSolution
		Debug|Any CPU = Debug|Any CPU
		Release|Any CPU = Release|Any CPU
	EndGlobalSection
	GlobalSection(ProjectConfigurationPlatforms) = postSolution
		{47C222FE-1FD9-4D41-8085-97C5355E3EDF}.Debug|Any CPU.ActiveCfg = Debug|Any CPU
		{47C222FE-1FD9-4D41-8085-97C5355E3EDF}.Debug|Any CPU.Build.0 = Debug|Any CPU
		{47C222FE-1FD9-4D41-8085-97C5355E3EDF}.Release|Any CPU.ActiveCfg = Release|Any CPU
		{47C222FE-1FD9-4D41-8085-97C5355E3EDF}.Release|Any CPU.Build.0 = Release|Any CPU
	EndGlobalSection
	GlobalSection(SolutionProperties) = preSolution
		HideSolutionNode = FALSE
	EndGlobalSection
	GlobalSection(ExtensibilityGlobals) = postSolution
		SolutionGuid = {C4463F5D-AB9F-4B33-B649-29231BB2348A}
	EndGlobalSection
EndGlobal
