
Microsoft Visual Studio Solution File, Format Version 12.00
# Visual Studio Version 16
VisualStudioVersion = 25.0.1705.0
MinimumVisualStudioVersion = 10.0.40219.1
Project("{FAE04EC0-301F-11D3-BF4B-00C04F79EFBC}") = "ASPDataBaseServer", "ASPDataBaseServer\ASPDataBaseServer.csproj", "{A1465CEA-07FE-416E-B048-522DB267C3F7}"
EndProject
Project("{FAE04EC0-301F-11D3-BF4B-00C04F79EFBC}") = "MauiDataGridView_GetFromASPServer", "MauiDataGridView_GetFromASPServer\MauiDataGridView_GetFromASPServer.csproj", "{AFEE5FEE-A90E-422A-B06F-624C074909F3}"
EndProject
Global
	GlobalSection(SolutionConfigurationPlatforms) = preSolution
		Debug|Any CPU = Debug|Any CPU
		Release|Any CPU = Release|Any CPU
	EndGlobalSection
	GlobalSection(ProjectConfigurationPlatforms) = postSolution
		{A1465CEA-07FE-416E-B048-522DB267C3F7}.Debug|Any CPU.ActiveCfg = Debug|Any CPU
		{A1465CEA-07FE-416E-B048-522DB267C3F7}.Debug|Any CPU.Build.0 = Debug|Any CPU
		{A1465CEA-07FE-416E-B048-522DB267C3F7}.Release|Any CPU.ActiveCfg = Release|Any CPU
		{A1465CEA-07FE-416E-B048-522DB267C3F7}.Release|Any CPU.Build.0 = Release|Any CPU
		{AFEE5FEE-A90E-422A-B06F-624C074909F3}.Debug|Any CPU.ActiveCfg = Debug|Any CPU
		{AFEE5FEE-A90E-422A-B06F-624C074909F3}.Debug|Any CPU.Build.0 = Debug|Any CPU
		{AFEE5FEE-A90E-422A-B06F-624C074909F3}.Release|Any CPU.ActiveCfg = Release|Any CPU
		{AFEE5FEE-A90E-422A-B06F-624C074909F3}.Release|Any CPU.Build.0 = Release|Any CPU
	EndGlobalSection
	GlobalSection(SolutionProperties) = preSolution
		HideSolutionNode = FALSE
	EndGlobalSection
	GlobalSection(ExtensibilityGlobals) = postSolution
		SolutionGuid = {66880371-BB41-4853-9526-C157C72AFC56}
	EndGlobalSection
EndGlobal
