
Microsoft Visual Studio Solution File, Format Version 12.00
# Visual Studio Version 17
VisualStudioVersion = 17.4.33122.133
MinimumVisualStudioVersion = 10.0.40219.1
Project("{9A19103F-16F7-4668-BE54-9A1E7A4F7556}") = "DataGridSearchBar", "DataGridSearchBar.csproj", "{B232764E-43F2-427D-9A78-BA5B39A9A626}"
EndProject
Global
	GlobalSection(SolutionConfigurationPlatforms) = preSolution
		Debug|Any CPU = Debug|Any CPU
		Release|Any CPU = Release|Any CPU
	EndGlobalSection
	GlobalSection(ProjectConfigurationPlatforms) = postSolution
		{B232764E-43F2-427D-9A78-BA5B39A9A626}.Debug|Any CPU.ActiveCfg = Debug|Any CPU
		{B232764E-43F2-427D-9A78-BA5B39A9A626}.Debug|Any CPU.Build.0 = Debug|Any CPU
		{B232764E-43F2-427D-9A78-BA5B39A9A626}.Debug|Any CPU.Deploy.0 = Debug|Any CPU
		{B232764E-43F2-427D-9A78-BA5B39A9A626}.Release|Any CPU.ActiveCfg = Release|Any CPU
		{B232764E-43F2-427D-9A78-BA5B39A9A626}.Release|Any CPU.Build.0 = Release|Any CPU
	EndGlobalSection
	GlobalSection(SolutionProperties) = preSolution
		HideSolutionNode = FALSE
	EndGlobalSection
	GlobalSection(ExtensibilityGlobals) = postSolution
		SolutionGuid = {56EE3A97-D769-40ED-9789-C4E134417DCF}
	EndGlobalSection
EndGlobal
