
Microsoft Visual Studio Solution File, Format Version 12.00
# Visual Studio Version 16
VisualStudioVersion = 25.0.1705.0
MinimumVisualStudioVersion = 10.0.40219.1
Project("{FAE04EC0-301F-11D3-BF4B-00C04F79EFBC}") = "InPlaceEditors", "InPlaceEditors.csproj", "{8B13F337-596C-40FE-B42F-FB13C09ADA33}"
EndProject
Global
	GlobalSection(SolutionConfigurationPlatforms) = preSolution
		Debug|Any CPU = Debug|Any CPU
		Release|Any CPU = Release|Any CPU
	EndGlobalSection
	GlobalSection(ProjectConfigurationPlatforms) = postSolution
		{8B13F337-596C-40FE-B42F-FB13C09ADA33}.Debug|Any CPU.ActiveCfg = Debug|Any CPU
		{8B13F337-596C-40FE-B42F-FB13C09ADA33}.Debug|Any CPU.Build.0 = Debug|Any CPU
		{8B13F337-596C-40FE-B42F-FB13C09ADA33}.Debug|Any CPU.Deploy.0 = Debug|Any CPU
		{8B13F337-596C-40FE-B42F-FB13C09ADA33}.Release|Any CPU.ActiveCfg = Release|Any CPU
		{8B13F337-596C-40FE-B42F-FB13C09ADA33}.Release|Any CPU.Build.0 = Release|Any CPU
		{8B13F337-596C-40FE-B42F-FB13C09ADA33}.Release|Any CPU.Deploy.0 = Release|Any CPU
	EndGlobalSection
	GlobalSection(SolutionProperties) = preSolution
		HideSolutionNode = FALSE
	EndGlobalSection
	GlobalSection(ExtensibilityGlobals) = postSolution
		SolutionGuid = {B2D84517-8278-46F2-80B6-2B29D4526A53}
	EndGlobalSection
EndGlobal
