
Microsoft Visual Studio Solution File, Format Version 12.00
# Visual Studio Version 16
VisualStudioVersion = 25.0.1705.0
MinimumVisualStudioVersion = 10.0.40219.1
Project("{FAE04EC0-301F-11D3-BF4B-00C04F79EFBC}") = "Columns", "Columns.csproj", "{A7724B81-EE59-4266-83F7-84A2E429D66F}"
EndProject
Global
	GlobalSection(SolutionConfigurationPlatforms) = preSolution
		Debug|Any CPU = Debug|Any CPU
		Release|Any CPU = Release|Any CPU
	EndGlobalSection
	GlobalSection(ProjectConfigurationPlatforms) = postSolution
		{A7724B81-EE59-4266-83F7-84A2E429D66F}.Debug|Any CPU.ActiveCfg = Debug|Any CPU
		{A7724B81-EE59-4266-83F7-84A2E429D66F}.Debug|Any CPU.Build.0 = Debug|Any CPU
		{A7724B81-EE59-4266-83F7-84A2E429D66F}.Debug|Any CPU.Deploy.0 = Debug|Any CPU
		{A7724B81-EE59-4266-83F7-84A2E429D66F}.Release|Any CPU.ActiveCfg = Release|Any CPU
		{A7724B81-EE59-4266-83F7-84A2E429D66F}.Release|Any CPU.Build.0 = Release|Any CPU
		{A7724B81-EE59-4266-83F7-84A2E429D66F}.Release|Any CPU.Deploy.0 = Release|Any CPU
	EndGlobalSection
	GlobalSection(SolutionProperties) = preSolution
		HideSolutionNode = FALSE
	EndGlobalSection
	GlobalSection(ExtensibilityGlobals) = postSolution
		SolutionGuid = {992B334F-D59D-48F0-9C57-1F83053BD364}
	EndGlobalSection
EndGlobal
